
Microsoft Visual Studio Solution File, Format Version 12.00
# Visual Studio 15
VisualStudioVersion = 15.0.28307.136
MinimumVisualStudioVersion = 10.0.40219.1
Project("{8BC9CEB8-8B4A-11D0-8D11-00A0C91BC942}") = "BASIC_GL_ENGINE", "BASIC_GL_ENGINE\BASIC_GL_ENGINE.vcxproj", "{A7BBB593-6CDB-484D-9A9A-27E0A5F332DF}"
EndProject
Project("{8BC9CEB8-8B4A-11D0-8D11-00A0C91BC942}") = "OBJ_LOADER", "OBJ_LOADER\OBJ_LOADER.vcxproj", "{2F883912-9F7F-4173-9D58-134C2EBF6F96}"
EndProject
Project("{8BC9CEB8-8B4A-11D0-8D11-00A0C91BC942}") = "PRATICE_GL", "PRATICE_GL\PRATICE_GL.vcxproj", "{8F8E2EB4-C452-4678-BA58-74AE81883531}"
EndProject
Global
	GlobalSection(SolutionConfigurationPlatforms) = preSolution
		Debug|x64 = Debug|x64
		Debug|x86 = Debug|x86
		Release|x64 = Release|x64
		Release|x86 = Release|x86
	EndGlobalSection
	GlobalSection(ProjectConfigurationPlatforms) = postSolution
		{A7BBB593-6CDB-484D-9A9A-27E0A5F332DF}.Debug|x64.ActiveCfg = Debug|x64
		{A7BBB593-6CDB-484D-9A9A-27E0A5F332DF}.Debug|x64.Build.0 = Debug|x64
		{A7BBB593-6CDB-484D-9A9A-27E0A5F332DF}.Debug|x86.ActiveCfg = Debug|Win32
		{A7BBB593-6CDB-484D-9A9A-27E0A5F332DF}.Debug|x86.Build.0 = Debug|Win32
		{A7BBB593-6CDB-484D-9A9A-27E0A5F332DF}.Release|x64.ActiveCfg = Release|x64
		{A7BBB593-6CDB-484D-9A9A-27E0A5F332DF}.Release|x64.Build.0 = Release|x64
		{A7BBB593-6CDB-484D-9A9A-27E0A5F332DF}.Release|x86.ActiveCfg = Release|Win32
		{A7BBB593-6CDB-484D-9A9A-27E0A5F332DF}.Release|x86.Build.0 = Release|Win32
		{2F883912-9F7F-4173-9D58-134C2EBF6F96}.Debug|x64.ActiveCfg = Debug|x64
		{2F883912-9F7F-4173-9D58-134C2EBF6F96}.Debug|x64.Build.0 = Debug|x64
		{2F883912-9F7F-4173-9D58-134C2EBF6F96}.Debug|x86.ActiveCfg = Debug|Win32
		{2F883912-9F7F-4173-9D58-134C2EBF6F96}.Debug|x86.Build.0 = Debug|Win32
		{2F883912-9F7F-4173-9D58-134C2EBF6F96}.Release|x64.ActiveCfg = Release|x64
		{2F883912-9F7F-4173-9D58-134C2EBF6F96}.Release|x64.Build.0 = Release|x64
		{2F883912-9F7F-4173-9D58-134C2EBF6F96}.Release|x86.ActiveCfg = Release|Win32
		{2F883912-9F7F-4173-9D58-134C2EBF6F96}.Release|x86.Build.0 = Release|Win32
		{8F8E2EB4-C452-4678-BA58-74AE81883531}.Debug|x64.ActiveCfg = Debug|x64
		{8F8E2EB4-C452-4678-BA58-74AE81883531}.Debug|x64.Build.0 = Debug|x64
		{8F8E2EB4-C452-4678-BA58-74AE81883531}.Debug|x86.ActiveCfg = Debug|Win32
		{8F8E2EB4-C452-4678-BA58-74AE81883531}.Debug|x86.Build.0 = Debug|Win32
		{8F8E2EB4-C452-4678-BA58-74AE81883531}.Release|x64.ActiveCfg = Release|x64
		{8F8E2EB4-C452-4678-BA58-74AE81883531}.Release|x64.Build.0 = Release|x64
		{8F8E2EB4-C452-4678-BA58-74AE81883531}.Release|x86.ActiveCfg = Release|Win32
		{8F8E2EB4-C452-4678-BA58-74AE81883531}.Release|x86.Build.0 = Release|Win32
	EndGlobalSection
	GlobalSection(SolutionProperties) = preSolution
		HideSolutionNode = FALSE
	EndGlobalSection
	GlobalSection(ExtensibilityGlobals) = postSolution
		SolutionGuid = {E8671E20-B7BE-4D4F-B49B-E4FAD8C17B29}
	EndGlobalSection
EndGlobal
