<?xml version="1.0" encoding="utf-8"?>
<Project ToolsVersion="4.0" xmlns="http://schemas.microsoft.com/developer/msbuild/2003">
  <ItemGroup>
    <ClCompile Include="Application.cpp" />
    <ClCompile Include="Display.cpp" />
    <ClCompile Include="Shader.cpp" />
    <ClCompile Include="Vertex.cpp" />
    <ClCompile Include="Mesh.cpp" />
    <ClCompile Include="Triangle.cpp" />
    <ClCompile Include="Vector3f.cpp" />
    <ClCompile Include="Rectangle.cpp" />
    <ClCompile Include="Vector2f.cpp" />
    <ClCompile Include="Cube.cpp" />
  </ItemGroup>
  <ItemGroup>
    <ClInclude Include="Display.h" />
    <ClInclude Include="Shader.h" />
    <ClInclude Include="Common.h" />
    <ClInclude Include="Vertex.h" />
    <ClInclude Include="Mesh.h" />
    <ClInclude Include="Triangle.h" />
    <ClInclude Include="Vector3f.h" />
    <ClInclude Include="Rectangle.h" />
    <ClInclude Include="Vector2f.h" />
    <ClInclude Include="Cube.h" />
  </ItemGroup>
  <ItemGroup>
    <None Include="shader\basic.frag" />
    <None Include="shader\basic.vert" />
  </ItemGroup>
</Project>